
Microsoft Visual Studio Solution File, Format Version 12.00
# Visual Studio 15
VisualStudioVersion = 15.0.27428.2043
MinimumVisualStudioVersion = 10.0.40219.1
Project("{FAE04EC0-301F-11D3-BF4B-00C04F79EFBC}") = "panel_based_prototype", "panel_based_prototype\panel_based_prototype.csproj", "{B51A7599-C3AF-4A71-967C-7A1473AB469E}"
EndProject
Global
	GlobalSection(SolutionConfigurationPlatforms) = preSolution
		Debug|Any CPU = Debug|Any CPU
		Release|Any CPU = Release|Any CPU
	EndGlobalSection
	GlobalSection(ProjectConfigurationPlatforms) = postSolution
		{B51A7599-C3AF-4A71-967C-7A1473AB469E}.Debug|Any CPU.ActiveCfg = Debug|Any CPU
		{B51A7599-C3AF-4A71-967C-7A1473AB469E}.Debug|Any CPU.Build.0 = Debug|Any CPU
		{B51A7599-C3AF-4A71-967C-7A1473AB469E}.Release|Any CPU.ActiveCfg = Release|Any CPU
		{B51A7599-C3AF-4A71-967C-7A1473AB469E}.Release|Any CPU.Build.0 = Release|Any CPU
	EndGlobalSection
	GlobalSection(SolutionProperties) = preSolution
		HideSolutionNode = FALSE
	EndGlobalSection
	GlobalSection(ExtensibilityGlobals) = postSolution
		SolutionGuid = {77FD54A2-5147-498D-AE88-C54212DDEF43}
	EndGlobalSection
EndGlobal
